/home/lemgui01/SIGMA/results_mk_human/logs/xu_lung.log
/home/lemgui01/SIGMA/results_mk_human/qc/xu_liver.h5ad
/home/lemgui01/SIGMA/results_mk_human/merge.h5ad
/home/lemgui01/SIGMA/results_mk_human/find/xu_spleen.h5ad
/home/lemgui01/SIGMA/results_mk_human/logs/xu_bone.log
/home/lemgui01/SIGMA/results_mk_human/find/xu_pancreas.h5ad
/home/lemgui01/SIGMA/results_mk_human/harmonized
/home/lemgui01/SIGMA/results_mk_human/find/xu_intestine.h5ad
/home/lemgui01/SIGMA/results_mk_human/logs/xu_liver.log
/home/lemgui01/SIGMA/results_mk_human/find/xu_kidney.h5ad
/home/lemgui01/SIGMA/results_mk_human/find/xu_lung.h5ad
/home/lemgui01/SIGMA/results_mk_human/logs/xu_pancreas.log
/home/lemgui01/SIGMA/results_mk_human/find/xu_hippocampus.h5ad
/home/lemgui01/SIGMA/results_mk_human/logs/xu_kidney.log
/home/lemgui01/SIGMA/results_mk_human/logs/xu_hippocampus.log
/home/lemgui01/SIGMA/results_mk_human/find/xu_heart.h5ad
/home/lemgui01/SIGMA/results_mk_human/logs/xu_heart.log
/home/lemgui01/SIGMA/results_mk_human/find/xu_bone.h5ad
/home/lemgui01/SIGMA/results_mk_human/logs/xu_skeletalmuscle.log
/home/lemgui01/SIGMA/results_mk_human/logs/xu_lymphnode.log
/home/lemgui01/SIGMA/results_mk_human/logs/xu_blood.log
/home/lemgui01/SIGMA/results_mk_human/find/xu_lymphnode.h5ad
/home/lemgui01/SIGMA/results_mk_human/logs/xu_spleen.log
/home/lemgui01/SIGMA/results_mk_human/find/xu_liver.h5ad
/home/lemgui01/SIGMA/results_mk_human/logs/xu_intestine.log
/home/lemgui01/SIGMA/results_mk_human/find/xu_blood.h5ad
